
Microsoft Visual Studio Solution File, Format Version 12.00
# Visual Studio Version 16
VisualStudioVersion = 16.0.30309.148
MinimumVisualStudioVersion = 10.0.40219.1
Project("{FAE04EC0-301F-11D3-BF4B-00C04F79EFBC}") = "ConsoleApp12", "ConsoleApp12\ConsoleApp12.csproj", "{7FA861A8-D3F1-4211-BA4C-A0314B860DDF}"
EndProject
Global
	GlobalSection(SolutionConfigurationPlatforms) = preSolution
		Debug|Any CPU = Debug|Any CPU
		Release|Any CPU = Release|Any CPU
	EndGlobalSection
	GlobalSection(ProjectConfigurationPlatforms) = postSolution
		{7FA861A8-D3F1-4211-BA4C-A0314B860DDF}.Debug|Any CPU.ActiveCfg = Debug|Any CPU
		{7FA861A8-D3F1-4211-BA4C-A0314B860DDF}.Debug|Any CPU.Build.0 = Debug|Any CPU
		{7FA861A8-D3F1-4211-BA4C-A0314B860DDF}.Release|Any CPU.ActiveCfg = Release|Any CPU
		{7FA861A8-D3F1-4211-BA4C-A0314B860DDF}.Release|Any CPU.Build.0 = Release|Any CPU
	EndGlobalSection
	GlobalSection(SolutionProperties) = preSolution
		HideSolutionNode = FALSE
	EndGlobalSection
	GlobalSection(ExtensibilityGlobals) = postSolution
		SolutionGuid = {BF9538C4-13B8-450F-B2F7-04666C58FBD5}
	EndGlobalSection
EndGlobal
