
Microsoft Visual Studio Solution File, Format Version 12.00
# Visual Studio Version 16
VisualStudioVersion = 16.0.30309.148
MinimumVisualStudioVersion = 10.0.40219.1
Project("{FAE04EC0-301F-11D3-BF4B-00C04F79EFBC}") = "ConsoleApp17", "ConsoleApp17\ConsoleApp17.csproj", "{BB651624-46C9-4B42-8BD0-E0C860C6943A}"
EndProject
Global
	GlobalSection(SolutionConfigurationPlatforms) = preSolution
		Debug|Any CPU = Debug|Any CPU
		Release|Any CPU = Release|Any CPU
	EndGlobalSection
	GlobalSection(ProjectConfigurationPlatforms) = postSolution
		{BB651624-46C9-4B42-8BD0-E0C860C6943A}.Debug|Any CPU.ActiveCfg = Debug|Any CPU
		{BB651624-46C9-4B42-8BD0-E0C860C6943A}.Debug|Any CPU.Build.0 = Debug|Any CPU
		{BB651624-46C9-4B42-8BD0-E0C860C6943A}.Release|Any CPU.ActiveCfg = Release|Any CPU
		{BB651624-46C9-4B42-8BD0-E0C860C6943A}.Release|Any CPU.Build.0 = Release|Any CPU
	EndGlobalSection
	GlobalSection(SolutionProperties) = preSolution
		HideSolutionNode = FALSE
	EndGlobalSection
	GlobalSection(ExtensibilityGlobals) = postSolution
		SolutionGuid = {24EC3943-4C5F-4956-8F2D-23C092084C75}
	EndGlobalSection
EndGlobal
