
Microsoft Visual Studio Solution File, Format Version 12.00
# Visual Studio Version 16
VisualStudioVersion = 16.0.30309.148
MinimumVisualStudioVersion = 10.0.40219.1
Project("{FAE04EC0-301F-11D3-BF4B-00C04F79EFBC}") = "ConsoleApp23", "ConsoleApp23\ConsoleApp23.csproj", "{52AE6DB9-562A-485D-8490-662B56FD6F22}"
EndProject
Global
	GlobalSection(SolutionConfigurationPlatforms) = preSolution
		Debug|Any CPU = Debug|Any CPU
		Release|Any CPU = Release|Any CPU
	EndGlobalSection
	GlobalSection(ProjectConfigurationPlatforms) = postSolution
		{52AE6DB9-562A-485D-8490-662B56FD6F22}.Debug|Any CPU.ActiveCfg = Debug|Any CPU
		{52AE6DB9-562A-485D-8490-662B56FD6F22}.Debug|Any CPU.Build.0 = Debug|Any CPU
		{52AE6DB9-562A-485D-8490-662B56FD6F22}.Release|Any CPU.ActiveCfg = Release|Any CPU
		{52AE6DB9-562A-485D-8490-662B56FD6F22}.Release|Any CPU.Build.0 = Release|Any CPU
	EndGlobalSection
	GlobalSection(SolutionProperties) = preSolution
		HideSolutionNode = FALSE
	EndGlobalSection
	GlobalSection(ExtensibilityGlobals) = postSolution
		SolutionGuid = {4D24A2B7-5E63-4034-93C9-0E5FF44A1B00}
	EndGlobalSection
EndGlobal
